
Microsoft Visual Studio Solution File, Format Version 12.00
# Visual Studio 15
Project("{FAE04EC0-301F-11D3-BF4B-00C04F79EFBC}") = "Project3", "Project3\Project3.csproj", "{1CBEC932-A25D-4173-BB4A-B9F60A4E00CB}"
EndProject
Global
	GlobalSection(SolutionConfigurationPlatforms) = preSolution
		Debug|x86 = Debug|x86
		Release|x86 = Release|x86
	EndGlobalSection
	GlobalSection(ProjectConfigurationPlatforms) = postSolution
		{1CBEC932-A25D-4173-BB4A-B9F60A4E00CB}.Debug|x86.ActiveCfg = Debug|x86
		{1CBEC932-A25D-4173-BB4A-B9F60A4E00CB}.Debug|x86.Build.0 = Debug|x86
		{1CBEC932-A25D-4173-BB4A-B9F60A4E00CB}.Release|x86.ActiveCfg = Release|x86
		{1CBEC932-A25D-4173-BB4A-B9F60A4E00CB}.Release|x86.Build.0 = Release|x86
	EndGlobalSection
EndGlobal
